Microsoft Visual Studio Solution File, Format Version 11.00
# Visual Studio 2008

Project("{B7352F7A-7DCD-EA11-E2EA-C304F05B2EFB}") = "Senile de Foc Client", "Assembly-CSharp-vs.csproj", "{A3A8F88C-1D6D-A82A-D4B1-56260BDF5AC2}"
EndProject
Project("{B7352F7A-7DCD-EA11-E2EA-C304F05B2EFB}") = "Senile de Foc Client", "Assembly-CSharp-Editor-vs.csproj", "{8D47F794-208D-81E2-8263-ABB6E744239D}"
EndProject
Global
	GlobalSection(SolutionConfigurationPlatforms) = preSolution
		Debug|Any CPU = Debug|Any CPU
		Release|Any CPU = Release|Any CPU
	EndGlobalSection
	GlobalSection(ProjectConfigurationPlatforms) = postSolution
		{A3A8F88C-1D6D-A82A-D4B1-56260BDF5AC2}.Debug|Any CPU.ActiveCfg = Debug|Any CPU
		{A3A8F88C-1D6D-A82A-D4B1-56260BDF5AC2}.Debug|Any CPU.Build.0 = Debug|Any CPU
		{A3A8F88C-1D6D-A82A-D4B1-56260BDF5AC2}.Release|Any CPU.ActiveCfg = Release|Any CPU
		{A3A8F88C-1D6D-A82A-D4B1-56260BDF5AC2}.Release|Any CPU.Build.0 = Release|Any CPU
		{8D47F794-208D-81E2-8263-ABB6E744239D}.Debug|Any CPU.ActiveCfg = Debug|Any CPU
		{8D47F794-208D-81E2-8263-ABB6E744239D}.Debug|Any CPU.Build.0 = Debug|Any CPU
		{8D47F794-208D-81E2-8263-ABB6E744239D}.Release|Any CPU.ActiveCfg = Release|Any CPU
		{8D47F794-208D-81E2-8263-ABB6E744239D}.Release|Any CPU.Build.0 = Release|Any CPU
	EndGlobalSection
	GlobalSection(SolutionProperties) = preSolution
		HideSolutionNode = FALSE
	EndGlobalSection
																																																																																																																																														GlobalSection(MonoDevelopProperties) = preSolution
		StartupItem = Assembly-CSharp.csproj
		Policies = $0
		$0.TextStylePolicy = $1
		$1.inheritsSet = null
		$1.scope = text/x-csharp
		$0.CSharpFormattingPolicy = $2
		$2.inheritsSet = Mono
		$2.inheritsScope = text/x-csharp
		$2.scope = text/x-csharp
		$0.TextStylePolicy = $3
		$3.FileWidth = 120
		$3.TabWidth = 4
		$3.IndentWidth = 4
		$3.EolMarker = Unix
		$3.inheritsSet = Mono
		$3.inheritsScope = text/plain
		$3.scope = text/plain
	EndGlobalSection

EndGlobal
